// !$*UTF8*$!
{
	archiveVersion = 1;
	classes = {
	};
	objectVersion = 46;
	objects = {

/* Begin PBXBuildFile section */
		2D8E88EF1D76F39100508986 /* main.m in Sources */ = {isa = PBXBuildFile; fileRef = 2D8E88EE1D76F39100508986 /* main.m */; };
		2D8E88F21D76F39100508986 /* AppDelegate.m in Sources */ = {isa = PBXBuildFile; fileRef = 2D8E88F11D76F39100508986 /* AppDelegate.m */; };
		2D8E88F51D76F39100508986 /* ViewController.m in Sources */ = {isa = PBXBuildFile; fileRef = 2D8E88F41D76F39100508986 /* ViewController.m */; };
		2D8E88F81D76F39100508986 /* Main.storyboard in Resources */ = {isa = PBXBuildFile; fileRef = 2D8E88F61D76F39100508986 /* Main.storyboard */; };
		2D8E88FA1D76F39100508986 /* Assets.xcassets in Resources */ = {isa = PBXBuildFile; fileRef = 2D8E88F91D76F39100508986 /* Assets.xcassets */; };
		2D8E88FD1D76F39100508986 /* LaunchScreen.storyboard in Resources */ = {isa = PBXBuildFile; fileRef = 2D8E88FB1D76F39100508986 /* LaunchScreen.storyboard */; };
		2D8E89081D76F39100508986 /* LLNetWorkToolTests.m in Sources */ = {isa = PBXBuildFile; fileRef = 2D8E89071D76F39100508986 /* LLNetWorkToolTests.m */; };
		2D8E89131D76F39100508986 /* LLNetWorkToolUITests.m in Sources */ = {isa = PBXBuildFile; fileRef = 2D8E89121D76F39100508986 /* LLNetWorkToolUITests.m */; };
		2D8E89491D76F3F800508986 /* AFHTTPSessionManager.m in Sources */ = {isa = PBXBuildFile; fileRef = 2D8E89261D76F3F800508986 /* AFHTTPSessionManager.m */; };
		2D8E894A1D76F3F800508986 /* AFNetworkReachabilityManager.m in Sources */ = {isa = PBXBuildFile; fileRef = 2D8E89291D76F3F800508986 /* AFNetworkReachabilityManager.m */; };
		2D8E894B1D76F3F800508986 /* AFSecurityPolicy.m in Sources */ = {isa = PBXBuildFile; fileRef = 2D8E892B1D76F3F800508986 /* AFSecurityPolicy.m */; };
		2D8E894C1D76F3F800508986 /* AFURLRequestSerialization.m in Sources */ = {isa = PBXBuildFile; fileRef = 2D8E892D1D76F3F800508986 /* AFURLRequestSerialization.m */; };
		2D8E894D1D76F3F800508986 /* AFURLResponseSerialization.m in Sources */ = {isa = PBXBuildFile; fileRef = 2D8E892F1D76F3F800508986 /* AFURLResponseSerialization.m */; };
		2D8E894E1D76F3F800508986 /* AFURLSessionManager.m in Sources */ = {isa = PBXBuildFile; fileRef = 2D8E89311D76F3F800508986 /* AFURLSessionManager.m */; };
		2D8E894F1D76F3F800508986 /* LICENSE in Resources */ = {isa = PBXBuildFile; fileRef = 2D8E89321D76F3F800508986 /* LICENSE */; };
		2D8E89501D76F3F800508986 /* README.md in Sources */ = {isa = PBXBuildFile; fileRef = 2D8E89331D76F3F800508986 /* README.md */; };
		2D8E89511D76F3F800508986 /* AFAutoPurgingImageCache.m in Sources */ = {isa = PBXBuildFile; fileRef = 2D8E89361D76F3F800508986 /* AFAutoPurgingImageCache.m */; };
		2D8E89521D76F3F800508986 /* AFImageDownloader.m in Sources */ = {isa = PBXBuildFile; fileRef = 2D8E89381D76F3F800508986 /* AFImageDownloader.m */; };
		2D8E89531D76F3F800508986 /* AFNetworkActivityIndicatorManager.m in Sources */ = {isa = PBXBuildFile; fileRef = 2D8E893A1D76F3F800508986 /* AFNetworkActivityIndicatorManager.m */; };
		2D8E89541D76F3F800508986 /* UIActivityIndicatorView+AFNetworking.m in Sources */ = {isa = PBXBuildFile; fileRef = 2D8E893C1D76F3F800508986 /* UIActivityIndicatorView+AFNetworking.m */; };
		2D8E89551D76F3F800508986 /* UIButton+AFNetworking.m in Sources */ = {isa = PBXBuildFile; fileRef = 2D8E893E1D76F3F800508986 /* UIButton+AFNetworking.m */; };
		2D8E89561D76F3F800508986 /* UIImageView+AFNetworking.m in Sources */ = {isa = PBXBuildFile; fileRef = 2D8E89411D76F3F800508986 /* UIImageView+AFNetworking.m */; };
		2D8E89571D76F3F800508986 /* UIProgressView+AFNetworking.m in Sources */ = {isa = PBXBuildFile; fileRef = 2D8E89441D76F3F800508986 /* UIProgressView+AFNetworking.m */; };
		2D8E89581D76F3F800508986 /* UIRefreshControl+AFNetworking.m in Sources */ = {isa = PBXBuildFile; fileRef = 2D8E89461D76F3F800508986 /* UIRefreshControl+AFNetworking.m */; };
		2D8E89591D76F3F800508986 /* UIWebView+AFNetworking.m in Sources */ = {isa = PBXBuildFile; fileRef = 2D8E89481D76F3F800508986 /* UIWebView+AFNetworking.m */; };
		2D8E89631D76F3FD00508986 /* YYCache.m in Sources */ = {isa = PBXBuildFile; fileRef = 2D8E895C1D76F3FD00508986 /* YYCache.m */; };
		2D8E89641D76F3FD00508986 /* YYDiskCache.m in Sources */ = {isa = PBXBuildFile; fileRef = 2D8E895E1D76F3FD00508986 /* YYDiskCache.m */; };
		2D8E89651D76F3FD00508986 /* YYKVStorage.m in Sources */ = {isa = PBXBuildFile; fileRef = 2D8E89601D76F3FD00508986 /* YYKVStorage.m */; };
		2D8E89661D76F3FD00508986 /* YYMemoryCache.m in Sources */ = {isa = PBXBuildFile; fileRef = 2D8E89621D76F3FD00508986 /* YYMemoryCache.m */; };
		2D8E896A1D76F43400508986 /* LLNetWorkTool.m in Sources */ = {isa = PBXBuildFile; fileRef = 2D8E89691D76F43400508986 /* LLNetWorkTool.m */; };
		2D8E896D1D76F44300508986 /* LLNetworkCache.m in Sources */ = {isa = PBXBuildFile; fileRef = 2D8E896C1D76F44300508986 /* LLNetworkCache.m */; };
		2D8E896F1D76F6EB00508986 /* libsqlite3.0.tbd in Frameworks */ = {isa = PBXBuildFile; fileRef = 2D8E896E1D76F6EB00508986 /* libsqlite3.0.tbd */; };
/* End PBXBuildFile section */

/* Begin PBXContainerItemProxy section */
		2D8E89041D76F39100508986 /* PBXContainerItemProxy */ = {
			isa = PBXContainerItemProxy;
			containerPortal = 2D8E88E21D76F39100508986 /* Project object */;
			proxyType = 1;
			remoteGlobalIDString = 2D8E88E91D76F39100508986;
			remoteInfo = LLNetWorkTool;
		};
		2D8E890F1D76F39100508986 /* PBXContainerItemProxy */ = {
			isa = PBXContainerItemProxy;
			containerPortal = 2D8E88E21D76F39100508986 /* Project object */;
			proxyType = 1;
			remoteGlobalIDString = 2D8E88E91D76F39100508986;
			remoteInfo = LLNetWorkTool;
		};
/* End PBXContainerItemProxy section */

/* Begin PBXFileReference section */
		2D8E88EA1D76F39100508986 /* LLNetWorkTool.app */ = {isa = PBXFileReference; explicitFileType = wrapper.application; includeInIndex = 0; path = LLNetWorkTool.app; sourceTree = BUILT_PRODUCTS_DIR; };
		2D8E88EE1D76F39100508986 /* main.m */ = {isa = PBXFileReference; lastKnownFileType = sourcecode.c.objc; path = main.m; sourceTree = "<group>"; };
		2D8E88F01D76F39100508986 /* AppDelegate.h */ = {isa = PBXFileReference; lastKnownFileType = sourcecode.c.h; path = AppDelegate.h; sourceTree = "<group>"; };
		2D8E88F11D76F39100508986 /* AppDelegate.m */ = {isa = PBXFileReference; lastKnownFileType = sourcecode.c.objc; path = AppDelegate.m; sourceTree = "<group>"; };
		2D8E88F31D76F39100508986 /* ViewController.h */ = {isa = PBXFileReference; lastKnownFileType = sourcecode.c.h; path = ViewController.h; sourceTree = "<group>"; };
		2D8E88F41D76F39100508986 /* ViewController.m */ = {isa = PBXFileReference; lastKnownFileType = sourcecode.c.objc; path = ViewController.m; sourceTree = "<group>"; };
		2D8E88F71D76F39100508986 /* Base */ = {isa = PBXFileReference; lastKnownFileType = file.storyboard; name = Base; path = Base.lproj/Main.storyboard; sourceTree = "<group>"; };
		2D8E88F91D76F39100508986 /* Assets.xcassets */ = {isa = PBXFileReference; lastKnownFileType = folder.assetcatalog; path = Assets.xcassets; sourceTree = "<group>"; };
		2D8E88FC1D76F39100508986 /* Base */ = {isa = PBXFileReference; lastKnownFileType = file.storyboard; name = Base; path = Base.lproj/LaunchScreen.storyboard; sourceTree = "<group>"; };
		2D8E88FE1D76F39100508986 /* Info.plist */ = {isa = PBXFileReference; lastKnownFileType = text.plist.xml; path = Info.plist; sourceTree = "<group>"; };
		2D8E89031D76F39100508986 /* LLNetWorkToolTests.xctest */ = {isa = PBXFileReference; explicitFileType = wrapper.cfbundle; includeInIndex = 0; path = LLNetWorkToolTests.xctest; sourceTree = BUILT_PRODUCTS_DIR; };
		2D8E89071D76F39100508986 /* LLNetWorkToolTests.m */ = {isa = PBXFileReference; lastKnownFileType = sourcecode.c.objc; path = LLNetWorkToolTests.m; sourceTree = "<group>"; };
		2D8E89091D76F39100508986 /* Info.plist */ = {isa = PBXFileReference; lastKnownFileType = text.plist.xml; path = Info.plist; sourceTree = "<group>"; };
		2D8E890E1D76F39100508986 /* LLNetWorkToolUITests.xctest */ = {isa = PBXFileReference; explicitFileType = wrapper.cfbundle; includeInIndex = 0; path = LLNetWorkToolUITests.xctest; sourceTree = BUILT_PRODUCTS_DIR; };
		2D8E89121D76F39100508986 /* LLNetWorkToolUITests.m */ = {isa = PBXFileReference; lastKnownFileType = sourcecode.c.objc; path = LLNetWorkToolUITests.m; sourceTree = "<group>"; };
		2D8E89141D76F39100508986 /* Info.plist */ = {isa = PBXFileReference; lastKnownFileType = text.plist.xml; path = Info.plist; sourceTree = "<group>"; };
		2D8E89251D76F3F800508986 /* AFHTTPSessionManager.h */ = {isa = PBXFileReference; fileEncoding = 4; lastKnownFileType = sourcecode.c.h; path = AFHTTPSessionManager.h; sourceTree = "<group>"; };
		2D8E89261D76F3F800508986 /* AFHTTPSessionManager.m */ = {isa = PBXFileReference; fileEncoding = 4; lastKnownFileType = sourcecode.c.objc; path = AFHTTPSessionManager.m; sourceTree = "<group>"; };
		2D8E89271D76F3F800508986 /* AFNetworking.h */ = {isa = PBXFileReference; fileEncoding = 4; lastKnownFileType = sourcecode.c.h; path = AFNetworking.h; sourceTree = "<group>"; };
		2D8E89281D76F3F800508986 /* AFNetworkReachabilityManager.h */ = {isa = PBXFileReference; fileEncoding = 4; lastKnownFileType = sourcecode.c.h; path = AFNetworkReachabilityManager.h; sourceTree = "<group>"; };
		2D8E89291D76F3F800508986 /* AFNetworkReachabilityManager.m */ = {isa = PBXFileReference; fileEncoding = 4; lastKnownFileType = sourcecode.c.objc; path = AFNetworkReachabilityManager.m; sourceTree = "<group>"; };
		2D8E892A1D76F3F800508986 /* AFSecurityPolicy.h */ = {isa = PBXFileReference; fileEncoding = 4; lastKnownFileType = sourcecode.c.h; path = AFSecurityPolicy.h; sourceTree = "<group>"; };
		2D8E892B1D76F3F800508986 /* AFSecurityPolicy.m */ = {isa = PBXFileReference; fileEncoding = 4; lastKnownFileType = sourcecode.c.objc; path = AFSecurityPolicy.m; sourceTree = "<group>"; };
		2D8E892C1D76F3F800508986 /* AFURLRequestSerialization.h */ = {isa = PBXFileReference; fileEncoding = 4; lastKnownFileType = sourcecode.c.h; path = AFURLRequestSerialization.h; sourceTree = "<group>"; };
		2D8E892D1D76F3F800508986 /* AFURLRequestSerialization.m */ = {isa = PBXFileReference; fileEncoding = 4; lastKnownFileType = sourcecode.c.objc; path = AFURLRequestSerialization.m; sourceTree = "<group>"; };
		2D8E892E1D76F3F800508986 /* AFURLResponseSerialization.h */ = {isa = PBXFileReference; fileEncoding = 4; lastKnownFileType = sourcecode.c.h; path = AFURLResponseSerialization.h; sourceTree = "<group>"; };
		2D8E892F1D76F3F800508986 /* AFURLResponseSerialization.m */ = {isa = PBXFileReference; fileEncoding = 4; lastKnownFileType = sourcecode.c.objc; path = AFURLResponseSerialization.m; sourceTree = "<group>"; };
		2D8E89301D76F3F800508986 /* AFURLSessionManager.h */ = {isa = PBXFileReference; fileEncoding = 4; lastKnownFileType = sourcecode.c.h; path = AFURLSessionManager.h; sourceTree = "<group>"; };
		2D8E89311D76F3F800508986 /* AFURLSessionManager.m */ = {isa = PBXFileReference; fileEncoding = 4; lastKnownFileType = sourcecode.c.objc; path = AFURLSessionManager.m; sourceTree = "<group>"; };
		2D8E89321D76F3F800508986 /* LICENSE */ = {isa = PBXFileReference; fileEncoding = 4; lastKnownFileType = text; path = LICENSE; sourceTree = "<group>"; };
		2D8E89331D76F3F800508986 /* README.md */ = {isa = PBXFileReference; fileEncoding = 4; lastKnownFileType = net.daringfireball.markdown; path = README.md; sourceTree = "<group>"; };
		2D8E89351D76F3F800508986 /* AFAutoPurgingImageCache.h */ = {isa = PBXFileReference; fileEncoding = 4; lastKnownFileType = sourcecode.c.h; path = AFAutoPurgingImageCache.h; sourceTree = "<group>"; };
		2D8E89361D76F3F800508986 /* AFAutoPurgingImageCache.m */ = {isa = PBXFileReference; fileEncoding = 4; lastKnownFileType = sourcecode.c.objc; path = AFAutoPurgingImageCache.m; sourceTree = "<group>"; };
		2D8E89371D76F3F800508986 /* AFImageDownloader.h */ = {isa = PBXFileReference; fileEncoding = 4; lastKnownFileType = sourcecode.c.h; path = AFImageDownloader.h; sourceTree = "<group>"; };
		2D8E89381D76F3F800508986 /* AFImageDownloader.m */ = {isa = PBXFileReference; fileEncoding = 4; lastKnownFileType = sourcecode.c.objc; path = AFImageDownloader.m; sourceTree = "<group>"; };
		2D8E89391D76F3F800508986 /* AFNetworkActivityIndicatorManager.h */ = {isa = PBXFileReference; fileEncoding = 4; lastKnownFileType = sourcecode.c.h; path = AFNetworkActivityIndicatorManager.h; sourceTree = "<group>"; };
		2D8E893A1D76F3F800508986 /* AFNetworkActivityIndicatorManager.m */ = {isa = PBXFileReference; fileEncoding = 4; lastKnownFileType = sourcecode.c.objc; path = AFNetworkActivityIndicatorManager.m; sourceTree = "<group>"; };
		2D8E893B1D76F3F800508986 /* UIActivityIndicatorView+AFNetworking.h */ = {isa = PBXFileReference; fileEncoding = 4; lastKnownFileType = sourcecode.c.h; path = "UIActivityIndicatorView+AFNetworking.h"; sourceTree = "<group>"; };
		2D8E893C1D76F3F800508986 /* UIActivityIndicatorView+AFNetworking.m */ = {isa = PBXFileReference; fileEncoding = 4; lastKnownFileType = sourcecode.c.objc; path = "UIActivityIndicatorView+AFNetworking.m"; sourceTree = "<group>"; };
		2D8E893D1D76F3F800508986 /* UIButton+AFNetworking.h */ = {isa = PBXFileReference; fileEncoding = 4; lastKnownFileType = sourcecode.c.h; path = "UIButton+AFNetworking.h"; sourceTree = "<group>"; };
		2D8E893E1D76F3F800508986 /* UIButton+AFNetworking.m */ = {isa = PBXFileReference; fileEncoding = 4; lastKnownFileType = sourcecode.c.objc; path = "UIButton+AFNetworking.m"; sourceTree = "<group>"; };
		2D8E893F1D76F3F800508986 /* UIImage+AFNetworking.h */ = {isa = PBXFileReference; fileEncoding = 4; lastKnownFileType = sourcecode.c.h; path = "UIImage+AFNetworking.h"; sourceTree = "<group>"; };
		2D8E89401D76F3F800508986 /* UIImageView+AFNetworking.h */ = {isa = PBXFileReference; fileEncoding = 4; lastKnownFileType = sourcecode.c.h; path = "UIImageView+AFNetworking.h"; sourceTree = "<group>"; };
		2D8E89411D76F3F800508986 /* UIImageView+AFNetworking.m */ = {isa = PBXFileReference; fileEncoding = 4; lastKnownFileType = sourcecode.c.objc; path = "UIImageView+AFNetworking.m"; sourceTree = "<group>"; };
		2D8E89421D76F3F800508986 /* UIKit+AFNetworking.h */ = {isa = PBXFileReference; fileEncoding = 4; lastKnownFileType = sourcecode.c.h; path = "UIKit+AFNetworking.h"; sourceTree = "<group>"; };
		2D8E89431D76F3F800508986 /* UIProgressView+AFNetworking.h */ = {isa = PBXFileReference; fileEncoding = 4; lastKnownFileType = sourcecode.c.h; path = "UIProgressView+AFNetworking.h"; sourceTree = "<group>"; };
		2D8E89441D76F3F800508986 /* UIProgressView+AFNetworking.m */ = {isa = PBXFileReference; fileEncoding = 4; lastKnownFileType = sourcecode.c.objc; path = "UIProgressView+AFNetworking.m"; sourceTree = "<group>"; };
		2D8E89451D76F3F800508986 /* UIRefreshControl+AFNetworking.h */ = {isa = PBXFileReference; fileEncoding = 4; lastKnownFileType = sourcecode.c.h; path = "UIRefreshControl+AFNetworking.h"; sourceTree = "<group>"; };
		2D8E89461D76F3F800508986 /* UIRefreshControl+AFNetworking.m */ = {isa = PBXFileReference; fileEncoding = 4; lastKnownFileType = sourcecode.c.objc; path = "UIRefreshControl+AFNetworking.m"; sourceTree = "<group>"; };
		2D8E89471D76F3F800508986 /* UIWebView+AFNetworking.h */ = {isa = PBXFileReference; fileEncoding = 4; lastKnownFileType = sourcecode.c.h; path = "UIWebView+AFNetworking.h"; sourceTree = "<group>"; };
		2D8E89481D76F3F800508986 /* UIWebView+AFNetworking.m */ = {isa = PBXFileReference; fileEncoding = 4; lastKnownFileType = sourcecode.c.objc; path = "UIWebView+AFNetworking.m"; sourceTree = "<group>"; };
		2D8E895B1D76F3FD00508986 /* YYCache.h */ = {isa = PBXFileReference; fileEncoding = 4; lastKnownFileType = sourcecode.c.h; path = YYCache.h; sourceTree = "<group>"; };
		2D8E895C1D76F3FD00508986 /* YYCache.m */ = {isa = PBXFileReference; fileEncoding = 4; lastKnownFileType = sourcecode.c.objc; path = YYCache.m; sourceTree = "<group>"; };
		2D8E895D1D76F3FD00508986 /* YYDiskCache.h */ = {isa = PBXFileReference; fileEncoding = 4; lastKnownFileType = sourcecode.c.h; path = YYDiskCache.h; sourceTree = "<group>"; };
		2D8E895E1D76F3FD00508986 /* YYDiskCache.m */ = {isa = PBXFileReference; fileEncoding = 4; lastKnownFileType = sourcecode.c.objc; path = YYDiskCache.m; sourceTree = "<group>"; };
		2D8E895F1D76F3FD00508986 /* YYKVStorage.h */ = {isa = PBXFileReference; fileEncoding = 4; lastKnownFileType = sourcecode.c.h; path = YYKVStorage.h; sourceTree = "<group>"; };
		2D8E89601D76F3FD00508986 /* YYKVStorage.m */ = {isa = PBXFileReference; fileEncoding = 4; lastKnownFileType = sourcecode.c.objc; path = YYKVStorage.m; sourceTree = "<group>"; };
		2D8E89611D76F3FD00508986 /* YYMemoryCache.h */ = {isa = PBXFileReference; fileEncoding = 4; lastKnownFileType = sourcecode.c.h; path = YYMemoryCache.h; sourceTree = "<group>"; };
		2D8E89621D76F3FD00508986 /* YYMemoryCache.m */ = {isa = PBXFileReference; fileEncoding = 4; lastKnownFileType = sourcecode.c.objc; path = YYMemoryCache.m; sourceTree = "<group>"; };
		2D8E89681D76F43400508986 /* LLNetworkTool.h */ = {isa = PBXFileReference; fileEncoding = 4; lastKnownFileType = sourcecode.c.h; path = LLNetworkTool.h; sourceTree = "<group>"; };
		2D8E89691D76F43400508986 /* LLNetWorkTool.m */ = {isa = PBXFileReference; fileEncoding = 4; lastKnownFileType = sourcecode.c.objc; path = LLNetWorkTool.m; sourceTree = "<group>"; };
		2D8E896B1D76F44300508986 /* LLNetworkCache.h */ = {isa = PBXFileReference; fileEncoding = 4; lastKnownFileType = sourcecode.c.h; path = LLNetworkCache.h; sourceTree = "<group>"; };
		2D8E896C1D76F44300508986 /* LLNetworkCache.m */ = {isa = PBXFileReference; fileEncoding = 4; lastKnownFileType = sourcecode.c.objc; path = LLNetworkCache.m; sourceTree = "<group>"; };
		2D8E896E1D76F6EB00508986 /* libsqlite3.0.tbd */ = {isa = PBXFileReference; lastKnownFileType = "sourcecode.text-based-dylib-definition"; name = libsqlite3.0.tbd; path = usr/lib/libsqlite3.0.tbd; sourceTree = SDKROOT; };
/* End PBXFileReference section */

/* Begin PBXFrameworksBuildPhase section */
		2D8E88E71D76F39100508986 /* Frameworks */ = {
			isa = PBXFrameworksBuildPhase;
			buildActionMask = 2147483647;
			files = (
				2D8E896F1D76F6EB00508986 /* libsqlite3.0.tbd in Frameworks */,
			);
			runOnlyForDeploymentPostprocessing = 0;
		};
		2D8E89001D76F39100508986 /* Frameworks */ = {
			isa = PBXFrameworksBuildPhase;
			buildActionMask = 2147483647;
			files = (
			);
			runOnlyForDeploymentPostprocessing = 0;
		};
		2D8E890B1D76F39100508986 /* Frameworks */ = {
			isa = PBXFrameworksBuildPhase;
			buildActionMask = 2147483647;
			files = (
			);
			runOnlyForDeploymentPostprocessing = 0;
		};
/* End PBXFrameworksBuildPhase section */

/* Begin PBXGroup section */
		2D8E88E11D76F39100508986 = {
			isa = PBXGroup;
			children = (
				2D8E896E1D76F6EB00508986 /* libsqlite3.0.tbd */,
				2D8E88EC1D76F39100508986 /* LLNetWorkTool */,
				2D8E89061D76F39100508986 /* LLNetWorkToolTests */,
				2D8E89111D76F39100508986 /* LLNetWorkToolUITests */,
				2D8E88EB1D76F39100508986 /* Products */,
			);
			sourceTree = "<group>";
		};
		2D8E88EB1D76F39100508986 /* Products */ = {
			isa = PBXGroup;
			children = (
				2D8E88EA1D76F39100508986 /* LLNetWorkTool.app */,
				2D8E89031D76F39100508986 /* LLNetWorkToolTests.xctest */,
				2D8E890E1D76F39100508986 /* LLNetWorkToolUITests.xctest */,
			);
			name = Products;
			sourceTree = "<group>";
		};
		2D8E88EC1D76F39100508986 /* LLNetWorkTool */ = {
			isa = PBXGroup;
			children = (
				2D8E89221D76F3D700508986 /* vendor */,
				2D8E89671D76F42400508986 /* LLNetWorkTool */,
				2D8E88F01D76F39100508986 /* AppDelegate.h */,
				2D8E88F11D76F39100508986 /* AppDelegate.m */,
				2D8E88F31D76F39100508986 /* ViewController.h */,
				2D8E88F41D76F39100508986 /* ViewController.m */,
				2D8E88F61D76F39100508986 /* Main.storyboard */,
				2D8E88F91D76F39100508986 /* Assets.xcassets */,
				2D8E88FB1D76F39100508986 /* LaunchScreen.storyboard */,
				2D8E88FE1D76F39100508986 /* Info.plist */,
				2D8E88ED1D76F39100508986 /* Supporting Files */,
			);
			path = LLNetWorkTool;
			sourceTree = "<group>";
		};
		2D8E88ED1D76F39100508986 /* Supporting Files */ = {
			isa = PBXGroup;
			children = (
				2D8E88EE1D76F39100508986 /* main.m */,
			);
			name = "Supporting Files";
			sourceTree = "<group>";
		};
		2D8E89061D76F39100508986 /* LLNetWorkToolTests */ = {
			isa = PBXGroup;
			children = (
				2D8E89071D76F39100508986 /* LLNetWorkToolTests.m */,
				2D8E89091D76F39100508986 /* Info.plist */,
			);
			path = LLNetWorkToolTests;
			sourceTree = "<group>";
		};
		2D8E89111D76F39100508986 /* LLNetWorkToolUITests */ = {
			isa = PBXGroup;
			children = (
				2D8E89121D76F39100508986 /* LLNetWorkToolUITests.m */,
				2D8E89141D76F39100508986 /* Info.plist */,
			);
			path = LLNetWorkToolUITests;
			sourceTree = "<group>";
		};
		2D8E89221D76F3D700508986 /* vendor */ = {
			isa = PBXGroup;
			children = (
				2D8E895A1D76F3FD00508986 /* YYCache */,
				2D8E89231D76F3F800508986 /* AFNetworking */,
			);
			path = vendor;
			sourceTree = "<group>";
		};
		2D8E89231D76F3F800508986 /* AFNetworking */ = {
			isa = PBXGroup;
			children = (
				2D8E89241D76F3F800508986 /* AFNetworking */,
				2D8E89321D76F3F800508986 /* LICENSE */,
				2D8E89331D76F3F800508986 /* README.md */,
				2D8E89341D76F3F800508986 /* UIKit+AFNetworking */,
			);
			path = AFNetworking;
			sourceTree = "<group>";
		};
		2D8E89241D76F3F800508986 /* AFNetworking */ = {
			isa = PBXGroup;
			children = (
				2D8E89251D76F3F800508986 /* AFHTTPSessionManager.h */,
				2D8E89261D76F3F800508986 /* AFHTTPSessionManager.m */,
				2D8E89271D76F3F800508986 /* AFNetworking.h */,
				2D8E89281D76F3F800508986 /* AFNetworkReachabilityManager.h */,
				2D8E89291D76F3F800508986 /* AFNetworkReachabilityManager.m */,
				2D8E892A1D76F3F800508986 /* AFSecurityPolicy.h */,
				2D8E892B1D76F3F800508986 /* AFSecurityPolicy.m */,
				2D8E892C1D76F3F800508986 /* AFURLRequestSerialization.h */,
				2D8E892D1D76F3F800508986 /* AFURLRequestSerialization.m */,
				2D8E892E1D76F3F800508986 /* AFURLResponseSerialization.h */,
				2D8E892F1D76F3F800508986 /* AFURLResponseSerialization.m */,
				2D8E89301D76F3F800508986 /* AFURLSessionManager.h */,
				2D8E89311D76F3F800508986 /* AFURLSessionManager.m */,
			);
			path = AFNetworking;
			sourceTree = "<group>";
		};
		2D8E89341D76F3F800508986 /* UIKit+AFNetworking */ = {
			isa = PBXGroup;
			children = (
				2D8E89351D76F3F800508986 /* AFAutoPurgingImageCache.h */,
				2D8E89361D76F3F800508986 /* AFAutoPurgingImageCache.m */,
				2D8E89371D76F3F800508986 /* AFImageDownloader.h */,
				2D8E89381D76F3F800508986 /* AFImageDownloader.m */,
				2D8E89391D76F3F800508986 /* AFNetworkActivityIndicatorManager.h */,
				2D8E893A1D76F3F800508986 /* AFNetworkActivityIndicatorManager.m */,
				2D8E893B1D76F3F800508986 /* UIActivityIndicatorView+AFNetworking.h */,
				2D8E893C1D76F3F800508986 /* UIActivityIndicatorView+AFNetworking.m */,
				2D8E893D1D76F3F800508986 /* UIButton+AFNetworking.h */,
				2D8E893E1D76F3F800508986 /* UIButton+AFNetworking.m */,
				2D8E893F1D76F3F800508986 /* UIImage+AFNetworking.h */,
				2D8E89401D76F3F800508986 /* UIImageView+AFNetworking.h */,
				2D8E89411D76F3F800508986 /* UIImageView+AFNetworking.m */,
				2D8E89421D76F3F800508986 /* UIKit+AFNetworking.h */,
				2D8E89431D76F3F800508986 /* UIProgressView+AFNetworking.h */,
				2D8E89441D76F3F800508986 /* UIProgressView+AFNetworking.m */,
				2D8E89451D76F3F800508986 /* UIRefreshControl+AFNetworking.h */,
				2D8E89461D76F3F800508986 /* UIRefreshControl+AFNetworking.m */,
				2D8E89471D76F3F800508986 /* UIWebView+AFNetworking.h */,
				2D8E89481D76F3F800508986 /* UIWebView+AFNetworking.m */,
			);
			path = "UIKit+AFNetworking";
			sourceTree = "<group>";
		};
		2D8E895A1D76F3FD00508986 /* YYCache */ = {
			isa = PBXGroup;
			children = (
				2D8E895B1D76F3FD00508986 /* YYCache.h */,
				2D8E895C1D76F3FD00508986 /* YYCache.m */,
				2D8E895D1D76F3FD00508986 /* YYDiskCache.h */,
				2D8E895E1D76F3FD00508986 /* YYDiskCache.m */,
				2D8E895F1D76F3FD00508986 /* YYKVStorage.h */,
				2D8E89601D76F3FD00508986 /* YYKVStorage.m */,
				2D8E89611D76F3FD00508986 /* YYMemoryCache.h */,
				2D8E89621D76F3FD00508986 /* YYMemoryCache.m */,
			);
			path = YYCache;
			sourceTree = "<group>";
		};
		2D8E89671D76F42400508986 /* LLNetWorkTool */ = {
			isa = PBXGroup;
			children = (
				2D8E89681D76F43400508986 /* LLNetworkTool.h */,
				2D8E89691D76F43400508986 /* LLNetWorkTool.m */,
				2D8E896B1D76F44300508986 /* LLNetworkCache.h */,
				2D8E896C1D76F44300508986 /* LLNetworkCache.m */,
			);
			path = LLNetWorkTool;
			sourceTree = "<group>";
		};
/* End PBXGroup section */

/* Begin PBXNativeTarget section */
		2D8E88E91D76F39100508986 /* LLNetWorkTool */ = {
			isa = PBXNativeTarget;
			buildConfigurationList = 2D8E89171D76F39100508986 /* Build configuration list for PBXNativeTarget "LLNetWorkTool" */;
			buildPhases = (
				2D8E88E61D76F39100508986 /* Sources */,
				2D8E88E71D76F39100508986 /* Frameworks */,
				2D8E88E81D76F39100508986 /* Resources */,
			);
			buildRules = (
			);
			dependencies = (
			);
			name = LLNetWorkTool;
			productName = LLNetWorkTool;
			productReference = 2D8E88EA1D76F39100508986 /* LLNetWorkTool.app */;
			productType = "com.apple.product-type.application";
		};
		2D8E89021D76F39100508986 /* LLNetWorkToolTests */ = {
			isa = PBXNativeTarget;
			buildConfigurationList = 2D8E891A1D76F39100508986 /* Build configuration list for PBXNativeTarget "LLNetWorkToolTests" */;
			buildPhases = (
				2D8E88FF1D76F39100508986 /* Sources */,
				2D8E89001D76F39100508986 /* Frameworks */,
				2D8E89011D76F39100508986 /* Resources */,
			);
			buildRules = (
			);
			dependencies = (
				2D8E89051D76F39100508986 /* PBXTargetDependency */,
			);
			name = LLNetWorkToolTests;
			productName = LLNetWorkToolTests;
			productReference = 2D8E89031D76F39100508986 /* LLNetWorkToolTests.xctest */;
			productType = "com.apple.product-type.bundle.unit-test";
		};
		2D8E890D1D76F39100508986 /* LLNetWorkToolUITests */ = {
			isa = PBXNativeTarget;
			buildConfigurationList = 2D8E891D1D76F39100508986 /* Build configuration list for PBXNativeTarget "LLNetWorkToolUITests" */;
			buildPhases = (
				2D8E890A1D76F39100508986 /* Sources */,
				2D8E890B1D76F39100508986 /* Frameworks */,
				2D8E890C1D76F39100508986 /* Resources */,
			);
			buildRules = (
			);
			dependencies = (
				2D8E89101D76F39100508986 /* PBXTargetDependency */,
			);
			name = LLNetWorkToolUITests;
			productName = LLNetWorkToolUITests;
			productReference = 2D8E890E1D76F39100508986 /* LLNetWorkToolUITests.xctest */;
			productType = "com.apple.product-type.bundle.ui-testing";
		};
/* End PBXNativeTarget section */

/* Begin PBXProject section */
		2D8E88E21D76F39100508986 /* Project object */ = {
			isa = PBXProject;
			attributes = {
				LastUpgradeCheck = 0720;
				ORGANIZATIONNAME = Hailang;
				TargetAttributes = {
					2D8E88E91D76F39100508986 = {
						CreatedOnToolsVersion = 7.2.1;
					};
					2D8E89021D76F39100508986 = {
						CreatedOnToolsVersion = 7.2.1;
						TestTargetID = 2D8E88E91D76F39100508986;
					};
					2D8E890D1D76F39100508986 = {
						CreatedOnToolsVersion = 7.2.1;
						TestTargetID = 2D8E88E91D76F39100508986;
					};
				};
			};
			buildConfigurationList = 2D8E88E51D76F39100508986 /* Build configuration list for PBXProject "LLNetWorkTool" */;
			compatibilityVersion = "Xcode 3.2";
			developmentRegion = English;
			hasScannedForEncodings = 0;
			knownRegions = (
				en,
				Base,
			);
			mainGroup = 2D8E88E11D76F39100508986;
			productRefGroup = 2D8E88EB1D76F39100508986 /* Products */;
			projectDirPath = "";
			projectRoot = "";
			targets = (
				2D8E88E91D76F39100508986 /* LLNetWorkTool */,
				2D8E89021D76F39100508986 /* LLNetWorkToolTests */,
				2D8E890D1D76F39100508986 /* LLNetWorkToolUITests */,
			);
		};
/* End PBXProject section */

/* Begin PBXResourcesBuildPhase section */
		2D8E88E81D76F39100508986 /* Resources */ = {
			isa = PBXResourcesBuildPhase;
			buildActionMask = 2147483647;
			files = (
				2D8E88FD1D76F39100508986 /* LaunchScreen.storyboard in Resources */,
				2D8E88FA1D76F39100508986 /* Assets.xcassets in Resources */,
				2D8E894F1D76F3F800508986 /* LICENSE in Resources */,
				2D8E88F81D76F39100508986 /* Main.storyboard in Resources */,
			);
			runOnlyForDeploymentPostprocessing = 0;
		};
		2D8E89011D76F39100508986 /* Resources */ = {
			isa = PBXResourcesBuildPhase;
			buildActionMask = 2147483647;
			files = (
			);
			runOnlyForDeploymentPostprocessing = 0;
		};
		2D8E890C1D76F39100508986 /* Resources */ = {
			isa = PBXResourcesBuildPhase;
			buildActionMask = 2147483647;
			files = (
			);
			runOnlyForDeploymentPostprocessing = 0;
		};
/* End PBXResourcesBuildPhase section */

/* Begin PBXSourcesBuildPhase section */
		2D8E88E61D76F39100508986 /* Sources */ = {
			isa = PBXSourcesBuildPhase;
			buildActionMask = 2147483647;
			files = (
				2D8E894E1D76F3F800508986 /* AFURLSessionManager.m in Sources */,
				2D8E88F51D76F39100508986 /* ViewController.m in Sources */,
				2D8E89501D76F3F800508986 /* README.md in Sources */,
				2D8E88F21D76F39100508986 /* AppDelegate.m in Sources */,
				2D8E894A1D76F3F800508986 /* AFNetworkReachabilityManager.m in Sources */,
				2D8E88EF1D76F39100508986 /* main.m in Sources */,
				2D8E89541D76F3F800508986 /* UIActivityIndicatorView+AFNetworking.m in Sources */,
				2D8E894B1D76F3F800508986 /* AFSecurityPolicy.m in Sources */,
				2D8E89571D76F3F800508986 /* UIProgressView+AFNetworking.m in Sources */,
				2D8E896D1D76F44300508986 /* LLNetworkCache.m in Sources */,
				2D8E89661D76F3FD00508986 /* YYMemoryCache.m in Sources */,
				2D8E894C1D76F3F800508986 /* AFURLRequestSerialization.m in Sources */,
				2D8E894D1D76F3F800508986 /* AFURLResponseSerialization.m in Sources */,
				2D8E89531D76F3F800508986 /* AFNetworkActivityIndicatorManager.m in Sources */,
				2D8E89561D76F3F800508986 /* UIImageView+AFNetworking.m in Sources */,
				2D8E89551D76F3F800508986 /* UIButton+AFNetworking.m in Sources */,
				2D8E89631D76F3FD00508986 /* YYCache.m in Sources */,
				2D8E89641D76F3FD00508986 /* YYDiskCache.m in Sources */,
				2D8E89581D76F3F800508986 /* UIRefreshControl+AFNetworking.m in Sources */,
				2D8E896A1D76F43400508986 /* LLNetWorkTool.m in Sources */,
				2D8E89591D76F3F800508986 /* UIWebView+AFNetworking.m in Sources */,
				2D8E89491D76F3F800508986 /* AFHTTPSessionManager.m in Sources */,
				2D8E89511D76F3F800508986 /* AFAutoPurgingImageCache.m in Sources */,
				2D8E89651D76F3FD00508986 /* YYKVStorage.m in Sources */,
				2D8E89521D76F3F800508986 /* AFImageDownloader.m in Sources */,
			);
			runOnlyForDeploymentPostprocessing = 0;
		};
		2D8E88FF1D76F39100508986 /* Sources */ = {
			isa = PBXSourcesBuildPhase;
			buildActionMask = 2147483647;
			files = (
				2D8E89081D76F39100508986 /* LLNetWorkToolTests.m in Sources */,
			);
			runOnlyForDeploymentPostprocessing = 0;
		};
		2D8E890A1D76F39100508986 /* Sources */ = {
			isa = PBXSourcesBuildPhase;
			buildActionMask = 2147483647;
			files = (
				2D8E89131D76F39100508986 /* LLNetWorkToolUITests.m in Sources */,
			);
			runOnlyForDeploymentPostprocessing = 0;
		};
/* End PBXSourcesBuildPhase section */

/* Begin PBXTargetDependency section */
		2D8E89051D76F39100508986 /* PBXTargetDependency */ = {
			isa = PBXTargetDependency;
			target = 2D8E88E91D76F39100508986 /* LLNetWorkTool */;
			targetProxy = 2D8E89041D76F39100508986 /* PBXContainerItemProxy */;
		};
		2D8E89101D76F39100508986 /* PBXTargetDependency */ = {
			isa = PBXTargetDependency;
			target = 2D8E88E91D76F39100508986 /* LLNetWorkTool */;
			targetProxy = 2D8E890F1D76F39100508986 /* PBXContainerItemProxy */;
		};
/* End PBXTargetDependency section */

/* Begin PBXVariantGroup section */
		2D8E88F61D76F39100508986 /* Main.storyboard */ = {
			isa = PBXVariantGroup;
			children = (
				2D8E88F71D76F39100508986 /* Base */,
			);
			name = Main.storyboard;
			sourceTree = "<group>";
		};
		2D8E88FB1D76F39100508986 /* LaunchScreen.storyboard */ = {
			isa = PBXVariantGroup;
			children = (
				2D8E88FC1D76F39100508986 /* Base */,
			);
			name = LaunchScreen.storyboard;
			sourceTree = "<group>";
		};
/* End PBXVariantGroup section */

/* Begin XCBuildConfiguration section */
		2D8E89151D76F39100508986 /* Debug */ = {
			isa = XCBuildConfiguration;
			buildSettings = {
				ALWAYS_SEARCH_USER_PATHS = NO;
				CLANG_CXX_LANGUAGE_STANDARD = "gnu++0x";
				CLANG_CXX_LIBRARY = "libc++";
				CLANG_ENABLE_MODULES = YES;
				CLANG_ENABLE_OBJC_ARC = YES;
				CLANG_WARN_BOOL_CONVERSION = YES;
				CLANG_WARN_CONSTANT_CONVERSION = YES;
				CLANG_WARN_DIRECT_OBJC_ISA_USAGE = YES_ERROR;
				CLANG_WARN_EMPTY_BODY = YES;
				CLANG_WARN_ENUM_CONVERSION = YES;
				CLANG_WARN_INT_CONVERSION = YES;
				CLANG_WARN_OBJC_ROOT_CLASS = YES_ERROR;
				CLANG_WARN_UNREACHABLE_CODE = YES;
				CLANG_WARN__DUPLICATE_METHOD_MATCH = YES;
				"CODE_SIGN_IDENTITY[sdk=iphoneos*]" = "iPhone Developer";
				COPY_PHASE_STRIP = NO;
				DEBUG_INFORMATION_FORMAT = dwarf;
				ENABLE_STRICT_OBJC_MSGSEND = YES;
				ENABLE_TESTABILITY = YES;
				GCC_C_LANGUAGE_STANDARD = gnu99;
				GCC_DYNAMIC_NO_PIC = NO;
				GCC_NO_COMMON_BLOCKS = YES;
				GCC_OPTIMIZATION_LEVEL = 0;
				GCC_PREPROCESSOR_DEFINITIONS = (
					"DEBUG=1",
					"$(inherited)",
				);
				GCC_WARN_64_TO_32_BIT_CONVERSION = YES;
				GCC_WARN_ABOUT_RETURN_TYPE = YES_ERROR;
				GCC_WARN_UNDECLARED_SELECTOR = YES;
				GCC_WARN_UNINITIALIZED_AUTOS = YES_AGGRESSIVE;
				GCC_WARN_UNUSED_FUNCTION = YES;
				GCC_WARN_UNUSED_VARIABLE = YES;
				IPHONEOS_DEPLOYMENT_TARGET = 9.2;
				MTL_ENABLE_DEBUG_INFO = YES;
				ONLY_ACTIVE_ARCH = YES;
				SDKROOT = iphoneos;
				TARGETED_DEVICE_FAMILY = "1,2";
			};
			name = Debug;
		};
		2D8E89161D76F39100508986 /* Release */ = {
			isa = XCBuildConfiguration;
			buildSettings = {
				ALWAYS_SEARCH_USER_PATHS = NO;
				CLANG_CXX_LANGUAGE_STANDARD = "gnu++0x";
				CLANG_CXX_LIBRARY = "libc++";
				CLANG_ENABLE_MODULES = YES;
				CLANG_ENABLE_OBJC_ARC = YES;
				CLANG_WARN_BOOL_CONVERSION = YES;
				CLANG_WARN_CONSTANT_CONVERSION = YES;
				CLANG_WARN_DIRECT_OBJC_ISA_USAGE = YES_ERROR;
				CLANG_WARN_EMPTY_BODY = YES;
				CLANG_WARN_ENUM_CONVERSION = YES;
				CLANG_WARN_INT_CONVERSION = YES;
				CLANG_WARN_OBJC_ROOT_CLASS = YES_ERROR;
				CLANG_WARN_UNREACHABLE_CODE = YES;
				CLANG_WARN__DUPLICATE_METHOD_MATCH = YES;
				"CODE_SIGN_IDENTITY[sdk=iphoneos*]" = "iPhone Developer";
				COPY_PHASE_STRIP = NO;
				DEBUG_INFORMATION_FORMAT = "dwarf-with-dsym";
				ENABLE_NS_ASSERTIONS = NO;
				ENABLE_STRICT_OBJC_MSGSEND = YES;
				GCC_C_LANGUAGE_STANDARD = gnu99;
				GCC_NO_COMMON_BLOCKS = YES;
				GCC_WARN_64_TO_32_BIT_CONVERSION = YES;
				GCC_WARN_ABOUT_RETURN_TYPE = YES_ERROR;
				GCC_WARN_UNDECLARED_SELECTOR = YES;
				GCC_WARN_UNINITIALIZED_AUTOS = YES_AGGRESSIVE;
				GCC_WARN_UNUSED_FUNCTION = YES;
				GCC_WARN_UNUSED_VARIABLE = YES;
				IPHONEOS_DEPLOYMENT_TARGET = 9.2;
				MTL_ENABLE_DEBUG_INFO = NO;
				SDKROOT = iphoneos;
				TARGETED_DEVICE_FAMILY = "1,2";
				VALIDATE_PRODUCT = YES;
			};
			name = Release;
		};
		2D8E89181D76F39100508986 /* Debug */ = {
			isa = XCBuildConfiguration;
			buildSettings = {
				ASSETCATALOG_COMPILER_APPICON_NAME = AppIcon;
				INFOPLIST_FILE = LLNetWorkTool/Info.plist;
				IPHONEOS_DEPLOYMENT_TARGET = 7.0;
				LD_RUNPATH_SEARCH_PATHS = "$(inherited) @executable_path/Frameworks";
				PRODUCT_BUNDLE_IDENTIFIER = lxl.LLNetWorkTool;
				PRODUCT_NAME = "$(TARGET_NAME)";
			};
			name = Debug;
		};
		2D8E89191D76F39100508986 /* Release */ = {
			isa = XCBuildConfiguration;
			buildSettings = {
				ASSETCATALOG_COMPILER_APPICON_NAME = AppIcon;
				INFOPLIST_FILE = LLNetWorkTool/Info.plist;
				IPHONEOS_DEPLOYMENT_TARGET = 7.0;
				LD_RUNPATH_SEARCH_PATHS = "$(inherited) @executable_path/Frameworks";
				PRODUCT_BUNDLE_IDENTIFIER = lxl.LLNetWorkTool;
				PRODUCT_NAME = "$(TARGET_NAME)";
			};
			name = Release;
		};
		2D8E891B1D76F39100508986 /* Debug */ = {
			isa = XCBuildConfiguration;
			buildSettings = {
				BUNDLE_LOADER = "$(TEST_HOST)";
				INFOPLIST_FILE = LLNetWorkToolTests/Info.plist;
				LD_RUNPATH_SEARCH_PATHS = "$(inherited) @executable_path/Frameworks @loader_path/Frameworks";
				PRODUCT_BUNDLE_IDENTIFIER = lxl.LLNetWorkToolTests;
				PRODUCT_NAME = "$(TARGET_NAME)";
				TEST_HOST = "$(BUILT_PRODUCTS_DIR)/LLNetWorkTool.app/LLNetWorkTool";
			};
			name = Debug;
		};
		2D8E891C1D76F39100508986 /* Release */ = {
			isa = XCBuildConfiguration;
			buildSettings = {
				BUNDLE_LOADER = "$(TEST_HOST)";
				INFOPLIST_FILE = LLNetWorkToolTests/Info.plist;
				LD_RUNPATH_SEARCH_PATHS = "$(inherited) @executable_path/Frameworks @loader_path/Frameworks";
				PRODUCT_BUNDLE_IDENTIFIER = lxl.LLNetWorkToolTests;
				PRODUCT_NAME = "$(TARGET_NAME)";
				TEST_HOST = "$(BUILT_PRODUCTS_DIR)/LLNetWorkTool.app/LLNetWorkTool";
			};
			name = Release;
		};
		2D8E891E1D76F39100508986 /* Debug */ = {
			isa = XCBuildConfiguration;
			buildSettings = {
				INFOPLIST_FILE = LLNetWorkToolUITests/Info.plist;
				LD_RUNPATH_SEARCH_PATHS = "$(inherited) @executable_path/Frameworks @loader_path/Frameworks";
				PRODUCT_BUNDLE_IDENTIFIER = lxl.LLNetWorkToolUITests;
				PRODUCT_NAME = "$(TARGET_NAME)";
				TEST_TARGET_NAME = LLNetWorkTool;
				USES_XCTRUNNER = YES;
			};
			name = Debug;
		};
		2D8E891F1D76F39100508986 /* Release */ = {
			isa = XCBuildConfiguration;
			buildSettings = {
				INFOPLIST_FILE = LLNetWorkToolUITests/Info.plist;
				LD_RUNPATH_SEARCH_PATHS = "$(inherited) @executable_path/Frameworks @loader_path/Frameworks";
				PRODUCT_BUNDLE_IDENTIFIER = lxl.LLNetWorkToolUITests;
				PRODUCT_NAME = "$(TARGET_NAME)";
				TEST_TARGET_NAME = LLNetWorkTool;
				USES_XCTRUNNER = YES;
			};
			name = Release;
		};
/* End XCBuildConfiguration section */

/* Begin XCConfigurationList section */
		2D8E88E51D76F39100508986 /* Build configuration list for PBXProject "LLNetWorkTool" */ = {
			isa = XCConfigurationList;
			buildConfigurations = (
				2D8E89151D76F39100508986 /* Debug */,
				2D8E89161D76F39100508986 /* Release */,
			);
			defaultConfigurationIsVisible = 0;
			defaultConfigurationName = Release;
		};
		2D8E89171D76F39100508986 /* Build configuration list for PBXNativeTarget "LLNetWorkTool" */ = {
			isa = XCConfigurationList;
			buildConfigurations = (
				2D8E89181D76F39100508986 /* Debug */,
				2D8E89191D76F39100508986 /* Release */,
			);
			defaultConfigurationIsVisible = 0;
		};
		2D8E891A1D76F39100508986 /* Build configuration list for PBXNativeTarget "LLNetWorkToolTests" */ = {
			isa = XCConfigurationList;
			buildConfigurations = (
				2D8E891B1D76F39100508986 /* Debug */,
				2D8E891C1D76F39100508986 /* Release */,
			);
			defaultConfigurationIsVisible = 0;
		};
		2D8E891D1D76F39100508986 /* Build configuration list for PBXNativeTarget "LLNetWorkToolUITests" */ = {
			isa = XCConfigurationList;
			buildConfigurations = (
				2D8E891E1D76F39100508986 /* Debug */,
				2D8E891F1D76F39100508986 /* Release */,
			);
			defaultConfigurationIsVisible = 0;
		};
/* End XCConfigurationList section */
	};
	rootObject = 2D8E88E21D76F39100508986 /* Project object */;
}
